// !$*UTF8*$!
{
	archiveVersion = 1;
	classes = {
	};
	objectVersion = 55;
	objects = {

/* Begin PBXBuildFile section */
		10148A4D27294409005D9DB9 /* FavoriteButton.swift in Sources */ = {isa = PBXBuildFile; fileRef = 10148A4C27294409005D9DB9 /* FavoriteButton.swift */; };
		10148A5127294A48005D9DB9 /* HexogonParameters.swift in Sources */ = {isa = PBXBuildFile; fileRef = 10148A5027294A48005D9DB9 /* HexogonParameters.swift */; };
		10148A5327294B11005D9DB9 /* BadgeBackground.swift in Sources */ = {isa = PBXBuildFile; fileRef = 10148A5227294B11005D9DB9 /* BadgeBackground.swift */; };
		10148A55272950A9005D9DB9 /* BadgeSymbol.swift in Sources */ = {isa = PBXBuildFile; fileRef = 10148A54272950A9005D9DB9 /* BadgeSymbol.swift */; };
		10148A5727295232005D9DB9 /* RotatedBadgeSymbol.swift in Sources */ = {isa = PBXBuildFile; fileRef = 10148A5627295232005D9DB9 /* RotatedBadgeSymbol.swift */; };
		10148A59272953BD005D9DB9 /* Badge.swift in Sources */ = {isa = PBXBuildFile; fileRef = 10148A58272953BD005D9DB9 /* Badge.swift */; };
		10148A5C27295803005D9DB9 /* hikeData.json in Resources */ = {isa = PBXBuildFile; fileRef = 10148A5B27295803005D9DB9 /* hikeData.json */; };
		10148A5E272965C9005D9DB9 /* Hike.swift in Sources */ = {isa = PBXBuildFile; fileRef = 10148A5D272965C9005D9DB9 /* Hike.swift */; };
		10148A6C272967E9005D9DB9 /* GraphCapsule.swift in Sources */ = {isa = PBXBuildFile; fileRef = 10148A68272967E9005D9DB9 /* GraphCapsule.swift */; };
		10148A6D272967E9005D9DB9 /* HikeGraph.swift in Sources */ = {isa = PBXBuildFile; fileRef = 10148A69272967E9005D9DB9 /* HikeGraph.swift */; };
		10148A6E272967E9005D9DB9 /* HikeView.swift in Sources */ = {isa = PBXBuildFile; fileRef = 10148A6A272967E9005D9DB9 /* HikeView.swift */; };
		10148A6F272967E9005D9DB9 /* HikeDetail.swift in Sources */ = {isa = PBXBuildFile; fileRef = 10148A6B272967E9005D9DB9 /* HikeDetail.swift */; };
		10148A722729713B005D9DB9 /* CategoryHome.swift in Sources */ = {isa = PBXBuildFile; fileRef = 10148A712729713B005D9DB9 /* CategoryHome.swift */; };
		10148A7527297491005D9DB9 /* CategoryRow.swift in Sources */ = {isa = PBXBuildFile; fileRef = 10148A7427297491005D9DB9 /* CategoryRow.swift */; };
		10148A7727297766005D9DB9 /* CategoryItem.swift in Sources */ = {isa = PBXBuildFile; fileRef = 10148A7627297766005D9DB9 /* CategoryItem.swift */; };
		1090E6D52728330A00D4F2DA /* landmarkData.json in Resources */ = {isa = PBXBuildFile; fileRef = 1090E6D42728330900D4F2DA /* landmarkData.json */; };
		1090E6D72728332200D4F2DA /* Landmark.swift in Sources */ = {isa = PBXBuildFile; fileRef = 1090E6D62728332200D4F2DA /* Landmark.swift */; };
		1090E6D92728348300D4F2DA /* ModelData.swift in Sources */ = {isa = PBXBuildFile; fileRef = 1090E6D82728348300D4F2DA /* ModelData.swift */; };
		10AB757527283D6D00C09555 /* LandmarkRow.swift in Sources */ = {isa = PBXBuildFile; fileRef = 10AB757427283D6D00C09555 /* LandmarkRow.swift */; };
		10AB75772728407F00C09555 /* LandmarksList.swift in Sources */ = {isa = PBXBuildFile; fileRef = 10AB75762728407F00C09555 /* LandmarksList.swift */; };
		10AB7579272842AC00C09555 /* LandmarkDetail.swift in Sources */ = {isa = PBXBuildFile; fileRef = 10AB7578272842AC00C09555 /* LandmarkDetail.swift */; };
		10C1EBDA27282AEF00E09A17 /* LandmarksApp.swift in Sources */ = {isa = PBXBuildFile; fileRef = 10C1EBD927282AEF00E09A17 /* LandmarksApp.swift */; };
		10C1EBDC27282AEF00E09A17 /* ContentView.swift in Sources */ = {isa = PBXBuildFile; fileRef = 10C1EBDB27282AEF00E09A17 /* ContentView.swift */; };
		10C1EBDE27282AF100E09A17 /* Assets.xcassets in Resources */ = {isa = PBXBuildFile; fileRef = 10C1EBDD27282AF100E09A17 /* Assets.xcassets */; };
		10C1EBE127282AF100E09A17 /* Preview Assets.xcassets in Resources */ = {isa = PBXBuildFile; fileRef = 10C1EBE027282AF100E09A17 /* Preview Assets.xcassets */; };
		10C1EBE827282DAA00E09A17 /* CircleImage.swift in Sources */ = {isa = PBXBuildFile; fileRef = 10C1EBE727282DAA00E09A17 /* CircleImage.swift */; };
		10C1EBEA27282F2F00E09A17 /* MapView.swift in Sources */ = {isa = PBXBuildFile; fileRef = 10C1EBE927282F2F00E09A17 /* MapView.swift */; };
/* End PBXBuildFile section */

/* Begin PBXFileReference section */
		10148A4C27294409005D9DB9 /* FavoriteButton.swift */ = {isa = PBXFileReference; lastKnownFileType = sourcecode.swift; path = FavoriteButton.swift; sourceTree = "<group>"; };
		10148A5027294A48005D9DB9 /* HexogonParameters.swift */ = {isa = PBXFileReference; lastKnownFileType = sourcecode.swift; path = HexogonParameters.swift; sourceTree = "<group>"; };
		10148A5227294B11005D9DB9 /* BadgeBackground.swift */ = {isa = PBXFileReference; lastKnownFileType = sourcecode.swift; path = BadgeBackground.swift; sourceTree = "<group>"; };
		10148A54272950A9005D9DB9 /* BadgeSymbol.swift */ = {isa = PBXFileReference; lastKnownFileType = sourcecode.swift; path = BadgeSymbol.swift; sourceTree = "<group>"; };
		10148A5627295232005D9DB9 /* RotatedBadgeSymbol.swift */ = {isa = PBXFileReference; lastKnownFileType = sourcecode.swift; path = RotatedBadgeSymbol.swift; sourceTree = "<group>"; };
		10148A58272953BD005D9DB9 /* Badge.swift */ = {isa = PBXFileReference; lastKnownFileType = sourcecode.swift; path = Badge.swift; sourceTree = "<group>"; };
		10148A5B27295803005D9DB9 /* hikeData.json */ = {isa = PBXFileReference; fileEncoding = 4; lastKnownFileType = text.json; path = hikeData.json; sourceTree = "<group>"; };
		10148A5D272965C9005D9DB9 /* Hike.swift */ = {isa = PBXFileReference; lastKnownFileType = sourcecode.swift; path = Hike.swift; sourceTree = "<group>"; };
		10148A68272967E9005D9DB9 /* GraphCapsule.swift */ = {isa = PBXFileReference; fileEncoding = 4; lastKnownFileType = sourcecode.swift; path = GraphCapsule.swift; sourceTree = "<group>"; };
		10148A69272967E9005D9DB9 /* HikeGraph.swift */ = {isa = PBXFileReference; fileEncoding = 4; lastKnownFileType = sourcecode.swift; path = HikeGraph.swift; sourceTree = "<group>"; };
		10148A6A272967E9005D9DB9 /* HikeView.swift */ = {isa = PBXFileReference; fileEncoding = 4; lastKnownFileType = sourcecode.swift; path = HikeView.swift; sourceTree = "<group>"; };
		10148A6B272967E9005D9DB9 /* HikeDetail.swift */ = {isa = PBXFileReference; fileEncoding = 4; lastKnownFileType = sourcecode.swift; path = HikeDetail.swift; sourceTree = "<group>"; };
		10148A712729713B005D9DB9 /* CategoryHome.swift */ = {isa = PBXFileReference; lastKnownFileType = sourcecode.swift; path = CategoryHome.swift; sourceTree = "<group>"; };
		10148A7427297491005D9DB9 /* CategoryRow.swift */ = {isa = PBXFileReference; lastKnownFileType = sourcecode.swift; path = CategoryRow.swift; sourceTree = "<group>"; };
		10148A7627297766005D9DB9 /* CategoryItem.swift */ = {isa = PBXFileReference; lastKnownFileType = sourcecode.swift; path = CategoryItem.swift; sourceTree = "<group>"; };
		1090E6D42728330900D4F2DA /* landmarkData.json */ = {isa = PBXFileReference; fileEncoding = 4; lastKnownFileType = text.json; path = landmarkData.json; sourceTree = "<group>"; };
		1090E6D62728332200D4F2DA /* Landmark.swift */ = {isa = PBXFileReference; lastKnownFileType = sourcecode.swift; path = Landmark.swift; sourceTree = "<group>"; };
		1090E6D82728348300D4F2DA /* ModelData.swift */ = {isa = PBXFileReference; lastKnownFileType = sourcecode.swift; path = ModelData.swift; sourceTree = "<group>"; };
		10AB757427283D6D00C09555 /* LandmarkRow.swift */ = {isa = PBXFileReference; lastKnownFileType = sourcecode.swift; path = LandmarkRow.swift; sourceTree = "<group>"; };
		10AB75762728407F00C09555 /* LandmarksList.swift */ = {isa = PBXFileReference; lastKnownFileType = sourcecode.swift; path = LandmarksList.swift; sourceTree = "<group>"; };
		10AB7578272842AC00C09555 /* LandmarkDetail.swift */ = {isa = PBXFileReference; lastKnownFileType = sourcecode.swift; path = LandmarkDetail.swift; sourceTree = "<group>"; };
		10C1EBD627282AEF00E09A17 /* Landmarks.app */ = {isa = PBXFileReference; explicitFileType = wrapper.application; includeInIndex = 0; path = Landmarks.app; sourceTree = BUILT_PRODUCTS_DIR; };
		10C1EBD927282AEF00E09A17 /* LandmarksApp.swift */ = {isa = PBXFileReference; lastKnownFileType = sourcecode.swift; path = LandmarksApp.swift; sourceTree = "<group>"; };
		10C1EBDB27282AEF00E09A17 /* ContentView.swift */ = {isa = PBXFileReference; lastKnownFileType = sourcecode.swift; path = ContentView.swift; sourceTree = "<group>"; };
		10C1EBDD27282AF100E09A17 /* Assets.xcassets */ = {isa = PBXFileReference; lastKnownFileType = folder.assetcatalog; path = Assets.xcassets; sourceTree = "<group>"; };
		10C1EBE027282AF100E09A17 /* Preview Assets.xcassets */ = {isa = PBXFileReference; lastKnownFileType = folder.assetcatalog; path = "Preview Assets.xcassets"; sourceTree = "<group>"; };
		10C1EBE727282DAA00E09A17 /* CircleImage.swift */ = {isa = PBXFileReference; lastKnownFileType = sourcecode.swift; path = CircleImage.swift; sourceTree = "<group>"; };
		10C1EBE927282F2F00E09A17 /* MapView.swift */ = {isa = PBXFileReference; lastKnownFileType = sourcecode.swift; path = MapView.swift; sourceTree = "<group>"; };
/* End PBXFileReference section */

/* Begin PBXFrameworksBuildPhase section */
		10C1EBD327282AEF00E09A17 /* Frameworks */ = {
			isa = PBXFrameworksBuildPhase;
			buildActionMask = 2147483647;
			files = (
			);
			runOnlyForDeploymentPostprocessing = 0;
		};
/* End PBXFrameworksBuildPhase section */

/* Begin PBXGroup section */
		10148A4E2729455D005D9DB9 /* Helpers */ = {
			isa = PBXGroup;
			children = (
				10C1EBE727282DAA00E09A17 /* CircleImage.swift */,
				10C1EBE927282F2F00E09A17 /* MapView.swift */,
				10148A4C27294409005D9DB9 /* FavoriteButton.swift */,
			);
			path = Helpers;
			sourceTree = "<group>";
		};
		10148A4F2729456F005D9DB9 /* Landmarks */ = {
			isa = PBXGroup;
			children = (
				10AB757427283D6D00C09555 /* LandmarkRow.swift */,
				10AB75762728407F00C09555 /* LandmarksList.swift */,
				10AB7578272842AC00C09555 /* LandmarkDetail.swift */,
			);
			path = Landmarks;
			sourceTree = "<group>";
		};
		10148A5A2729564D005D9DB9 /* Badge */ = {
			isa = PBXGroup;
			children = (
				10148A5227294B11005D9DB9 /* BadgeBackground.swift */,
				10148A54272950A9005D9DB9 /* BadgeSymbol.swift */,
				10148A5627295232005D9DB9 /* RotatedBadgeSymbol.swift */,
				10148A58272953BD005D9DB9 /* Badge.swift */,
			);
			path = Badge;
			sourceTree = "<group>";
		};
		10148A70272967EE005D9DB9 /* Hikes */ = {
			isa = PBXGroup;
			children = (
				10148A68272967E9005D9DB9 /* GraphCapsule.swift */,
				10148A6B272967E9005D9DB9 /* HikeDetail.swift */,
				10148A69272967E9005D9DB9 /* HikeGraph.swift */,
				10148A6A272967E9005D9DB9 /* HikeView.swift */,
			);
			path = Hikes;
			sourceTree = "<group>";
		};
		10148A732729719F005D9DB9 /* Categories */ = {
			isa = PBXGroup;
			children = (
				10148A712729713B005D9DB9 /* CategoryHome.swift */,
				10148A7427297491005D9DB9 /* CategoryRow.swift */,
				10148A7627297766005D9DB9 /* CategoryItem.swift */,
			);
			path = Categories;
			sourceTree = "<group>";
		};
		10AB757127283D1800C09555 /* Model */ = {
			isa = PBXGroup;
			children = (
				1090E6D82728348300D4F2DA /* ModelData.swift */,
				10148A5D272965C9005D9DB9 /* Hike.swift */,
				1090E6D62728332200D4F2DA /* Landmark.swift */,
			);
			path = Model;
			sourceTree = "<group>";
		};
		10AB757227283D2900C09555 /* View */ = {
			isa = PBXGroup;
			children = (
				10C1EBDB27282AEF00E09A17 /* ContentView.swift */,
				10148A70272967EE005D9DB9 /* Hikes */,
				10148A4E2729455D005D9DB9 /* Helpers */,
				10148A4F2729456F005D9DB9 /* Landmarks */,
				10148A5027294A48005D9DB9 /* HexogonParameters.swift */,
				10148A5A2729564D005D9DB9 /* Badge */,
				10148A732729719F005D9DB9 /* Categories */,
			);
			path = View;
			sourceTree = "<group>";
		};
		10AB757327283D3500C09555 /* Ressources */ = {
			isa = PBXGroup;
			children = (
				10148A5B27295803005D9DB9 /* hikeData.json */,
				1090E6D42728330900D4F2DA /* landmarkData.json */,
			);
			path = Ressources;
			sourceTree = "<group>";
		};
		10C1EBCD27282AEF00E09A17 = {
			isa = PBXGroup;
			children = (
				10C1EBD827282AEF00E09A17 /* Landmarks */,
				10C1EBD727282AEF00E09A17 /* Products */,
			);
			sourceTree = "<group>";
		};
		10C1EBD727282AEF00E09A17 /* Products */ = {
			isa = PBXGroup;
			children = (
				10C1EBD627282AEF00E09A17 /* Landmarks.app */,
			);
			name = Products;
			sourceTree = "<group>";
		};
		10C1EBD827282AEF00E09A17 /* Landmarks */ = {
			isa = PBXGroup;
			children = (
				10C1EBD927282AEF00E09A17 /* LandmarksApp.swift */,
				10AB757227283D2900C09555 /* View */,
				10C1EBDD27282AF100E09A17 /* Assets.xcassets */,
				10C1EBDF27282AF100E09A17 /* Preview Content */,
				10AB757327283D3500C09555 /* Ressources */,
				10AB757127283D1800C09555 /* Model */,
			);
			path = Landmarks;
			sourceTree = "<group>";
		};
		10C1EBDF27282AF100E09A17 /* Preview Content */ = {
			isa = PBXGroup;
			children = (
				10C1EBE027282AF100E09A17 /* Preview Assets.xcassets */,
			);
			path = "Preview Content";
			sourceTree = "<group>";
		};
/* End PBXGroup section */

/* Begin PBXNativeTarget section */
		10C1EBD527282AEF00E09A17 /* Landmarks */ = {
			isa = PBXNativeTarget;
			buildConfigurationList = 10C1EBE427282AF100E09A17 /* Build configuration list for PBXNativeTarget "Landmarks" */;
			buildPhases = (
				10C1EBD227282AEF00E09A17 /* Sources */,
				10C1EBD327282AEF00E09A17 /* Frameworks */,
				10C1EBD427282AEF00E09A17 /* Resources */,
			);
			buildRules = (
			);
			dependencies = (
			);
			name = Landmarks;
			productName = Landmarks;
			productReference = 10C1EBD627282AEF00E09A17 /* Landmarks.app */;
			productType = "com.apple.product-type.application";
		};
/* End PBXNativeTarget section */

/* Begin PBXProject section */
		10C1EBCE27282AEF00E09A17 /* Project object */ = {
			isa = PBXProject;
			attributes = {
				BuildIndependentTargetsInParallel = 1;
				LastSwiftUpdateCheck = 1310;
				LastUpgradeCheck = 1310;
				TargetAttributes = {
					10C1EBD527282AEF00E09A17 = {
						CreatedOnToolsVersion = 13.1;
					};
				};
			};
			buildConfigurationList = 10C1EBD127282AEF00E09A17 /* Build configuration list for PBXProject "Landmarks" */;
			compatibilityVersion = "Xcode 13.0";
			developmentRegion = en;
			hasScannedForEncodings = 0;
			knownRegions = (
				en,
				Base,
			);
			mainGroup = 10C1EBCD27282AEF00E09A17;
			productRefGroup = 10C1EBD727282AEF00E09A17 /* Products */;
			projectDirPath = "";
			projectRoot = "";
			targets = (
				10C1EBD527282AEF00E09A17 /* Landmarks */,
			);
		};
/* End PBXProject section */

/* Begin PBXResourcesBuildPhase section */
		10C1EBD427282AEF00E09A17 /* Resources */ = {
			isa = PBXResourcesBuildPhase;
			buildActionMask = 2147483647;
			files = (
				10148A5C27295803005D9DB9 /* hikeData.json in Resources */,
				10C1EBE127282AF100E09A17 /* Preview Assets.xcassets in Resources */,
				10C1EBDE27282AF100E09A17 /* Assets.xcassets in Resources */,
				1090E6D52728330A00D4F2DA /* landmarkData.json in Resources */,
			);
			runOnlyForDeploymentPostprocessing = 0;
		};
/* End PBXResourcesBuildPhase section */

/* Begin PBXSourcesBuildPhase section */
		10C1EBD227282AEF00E09A17 /* Sources */ = {
			isa = PBXSourcesBuildPhase;
			buildActionMask = 2147483647;
			files = (
				10148A7527297491005D9DB9 /* CategoryRow.swift in Sources */,
				10C1EBDC27282AEF00E09A17 /* ContentView.swift in Sources */,
				10148A722729713B005D9DB9 /* CategoryHome.swift in Sources */,
				10148A6D272967E9005D9DB9 /* HikeGraph.swift in Sources */,
				10148A59272953BD005D9DB9 /* Badge.swift in Sources */,
				10C1EBEA27282F2F00E09A17 /* MapView.swift in Sources */,
				10148A6E272967E9005D9DB9 /* HikeView.swift in Sources */,
				10148A6C272967E9005D9DB9 /* GraphCapsule.swift in Sources */,
				10C1EBDA27282AEF00E09A17 /* LandmarksApp.swift in Sources */,
				10148A7727297766005D9DB9 /* CategoryItem.swift in Sources */,
				10148A4D27294409005D9DB9 /* FavoriteButton.swift in Sources */,
				10C1EBE827282DAA00E09A17 /* CircleImage.swift in Sources */,
				10148A5E272965C9005D9DB9 /* Hike.swift in Sources */,
				10148A5727295232005D9DB9 /* RotatedBadgeSymbol.swift in Sources */,
				10AB7579272842AC00C09555 /* LandmarkDetail.swift in Sources */,
				10148A5327294B11005D9DB9 /* BadgeBackground.swift in Sources */,
				1090E6D72728332200D4F2DA /* Landmark.swift in Sources */,
				10AB757527283D6D00C09555 /* LandmarkRow.swift in Sources */,
				1090E6D92728348300D4F2DA /* ModelData.swift in Sources */,
				10AB75772728407F00C09555 /* LandmarksList.swift in Sources */,
				10148A55272950A9005D9DB9 /* BadgeSymbol.swift in Sources */,
				10148A5127294A48005D9DB9 /* HexogonParameters.swift in Sources */,
				10148A6F272967E9005D9DB9 /* HikeDetail.swift in Sources */,
			);
			runOnlyForDeploymentPostprocessing = 0;
		};
/* End PBXSourcesBuildPhase section */

/* Begin XCBuildConfiguration section */
		10C1EBE227282AF100E09A17 /* Debug */ = {
			isa = XCBuildConfiguration;
			buildSettings = {
				ALWAYS_SEARCH_USER_PATHS = NO;
				CLANG_ANALYZER_NONNULL = YES;
				CLANG_ANALYZER_NUMBER_OBJECT_CONVERSION = YES_AGGRESSIVE;
				CLANG_CXX_LANGUAGE_STANDARD = "gnu++17";
				CLANG_CXX_LIBRARY = "libc++";
				CLANG_ENABLE_MODULES = YES;
				CLANG_ENABLE_OBJC_ARC = YES;
				CLANG_ENABLE_OBJC_WEAK = YES;
				CLANG_WARN_BLOCK_CAPTURE_AUTORELEASING = YES;
				CLANG_WARN_BOOL_CONVERSION = YES;
				CLANG_WARN_COMMA = YES;
				CLANG_WARN_CONSTANT_CONVERSION = YES;
				CLANG_WARN_DEPRECATED_OBJC_IMPLEMENTATIONS = YES;
				CLANG_WARN_DIRECT_OBJC_ISA_USAGE = YES_ERROR;
				CLANG_WARN_DOCUMENTATION_COMMENTS = YES;
				CLANG_WARN_EMPTY_BODY = YES;
				CLANG_WARN_ENUM_CONVERSION = YES;
				CLANG_WARN_INFINITE_RECURSION = YES;
				CLANG_WARN_INT_CONVERSION = YES;
				CLANG_WARN_NON_LITERAL_NULL_CONVERSION = YES;
				CLANG_WARN_OBJC_IMPLICIT_RETAIN_SELF = YES;
				CLANG_WARN_OBJC_LITERAL_CONVERSION = YES;
				CLANG_WARN_OBJC_ROOT_CLASS = YES_ERROR;
				CLANG_WARN_QUOTED_INCLUDE_IN_FRAMEWORK_HEADER = YES;
				CLANG_WARN_RANGE_LOOP_ANALYSIS = YES;
				CLANG_WARN_STRICT_PROTOTYPES = YES;
				CLANG_WARN_SUSPICIOUS_MOVE = YES;
				CLANG_WARN_UNGUARDED_AVAILABILITY = YES_AGGRESSIVE;
				CLANG_WARN_UNREACHABLE_CODE = YES;
				CLANG_WARN__DUPLICATE_METHOD_MATCH = YES;
				COPY_PHASE_STRIP = NO;
				DEBUG_INFORMATION_FORMAT = dwarf;
				ENABLE_STRICT_OBJC_MSGSEND = YES;
				ENABLE_TESTABILITY = YES;
				GCC_C_LANGUAGE_STANDARD = gnu11;
				GCC_DYNAMIC_NO_PIC = NO;
				GCC_NO_COMMON_BLOCKS = YES;
				GCC_OPTIMIZATION_LEVEL = 0;
				GCC_PREPROCESSOR_DEFINITIONS = (
					"DEBUG=1",
					"$(inherited)",
				);
				GCC_WARN_64_TO_32_BIT_CONVERSION = YES;
				GCC_WARN_ABOUT_RETURN_TYPE = YES_ERROR;
				GCC_WARN_UNDECLARED_SELECTOR = YES;
				GCC_WARN_UNINITIALIZED_AUTOS = YES_AGGRESSIVE;
				GCC_WARN_UNUSED_FUNCTION = YES;
				GCC_WARN_UNUSED_VARIABLE = YES;
				IPHONEOS_DEPLOYMENT_TARGET = 15.0;
				MTL_ENABLE_DEBUG_INFO = INCLUDE_SOURCE;
				MTL_FAST_MATH = YES;
				ONLY_ACTIVE_ARCH = YES;
				SDKROOT = iphoneos;
				SWIFT_ACTIVE_COMPILATION_CONDITIONS = DEBUG;
				SWIFT_OPTIMIZATION_LEVEL = "-Onone";
			};
			name = Debug;
		};
		10C1EBE327282AF100E09A17 /* Release */ = {
			isa = XCBuildConfiguration;
			buildSettings = {
				ALWAYS_SEARCH_USER_PATHS = NO;
				CLANG_ANALYZER_NONNULL = YES;
				CLANG_ANALYZER_NUMBER_OBJECT_CONVERSION = YES_AGGRESSIVE;
				CLANG_CXX_LANGUAGE_STANDARD = "gnu++17";
				CLANG_CXX_LIBRARY = "libc++";
				CLANG_ENABLE_MODULES = YES;
				CLANG_ENABLE_OBJC_ARC = YES;
				CLANG_ENABLE_OBJC_WEAK = YES;
				CLANG_WARN_BLOCK_CAPTURE_AUTORELEASING = YES;
				CLANG_WARN_BOOL_CONVERSION = YES;
				CLANG_WARN_COMMA = YES;
				CLANG_WARN_CONSTANT_CONVERSION = YES;
				CLANG_WARN_DEPRECATED_OBJC_IMPLEMENTATIONS = YES;
				CLANG_WARN_DIRECT_OBJC_ISA_USAGE = YES_ERROR;
				CLANG_WARN_DOCUMENTATION_COMMENTS = YES;
				CLANG_WARN_EMPTY_BODY = YES;
				CLANG_WARN_ENUM_CONVERSION = YES;
				CLANG_WARN_INFINITE_RECURSION = YES;
				CLANG_WARN_INT_CONVERSION = YES;
				CLANG_WARN_NON_LITERAL_NULL_CONVERSION = YES;
				CLANG_WARN_OBJC_IMPLICIT_RETAIN_SELF = YES;
				CLANG_WARN_OBJC_LITERAL_CONVERSION = YES;
				CLANG_WARN_OBJC_ROOT_CLASS = YES_ERROR;
				CLANG_WARN_QUOTED_INCLUDE_IN_FRAMEWORK_HEADER = YES;
				CLANG_WARN_RANGE_LOOP_ANALYSIS = YES;
				CLANG_WARN_STRICT_PROTOTYPES = YES;
				CLANG_WARN_SUSPICIOUS_MOVE = YES;
				CLANG_WARN_UNGUARDED_AVAILABILITY = YES_AGGRESSIVE;
				CLANG_WARN_UNREACHABLE_CODE = YES;
				CLANG_WARN__DUPLICATE_METHOD_MATCH = YES;
				COPY_PHASE_STRIP = NO;
				DEBUG_INFORMATION_FORMAT = "dwarf-with-dsym";
				ENABLE_NS_ASSERTIONS = NO;
				ENABLE_STRICT_OBJC_MSGSEND = YES;
				GCC_C_LANGUAGE_STANDARD = gnu11;
				GCC_NO_COMMON_BLOCKS = YES;
				GCC_WARN_64_TO_32_BIT_CONVERSION = YES;
				GCC_WARN_ABOUT_RETURN_TYPE = YES_ERROR;
				GCC_WARN_UNDECLARED_SELECTOR = YES;
				GCC_WARN_UNINITIALIZED_AUTOS = YES_AGGRESSIVE;
				GCC_WARN_UNUSED_FUNCTION = YES;
				GCC_WARN_UNUSED_VARIABLE = YES;
				IPHONEOS_DEPLOYMENT_TARGET = 15.0;
				MTL_ENABLE_DEBUG_INFO = NO;
				MTL_FAST_MATH = YES;
				SDKROOT = iphoneos;
				SWIFT_COMPILATION_MODE = wholemodule;
				SWIFT_OPTIMIZATION_LEVEL = "-O";
				VALIDATE_PRODUCT = YES;
			};
			name = Release;
		};
		10C1EBE527282AF100E09A17 /* Debug */ = {
			isa = XCBuildConfiguration;
			buildSettings = {
				ASSETCATALOG_COMPILER_APPICON_NAME = AppIcon;
				ASSETCATALOG_COMPILER_GLOBAL_ACCENT_COLOR_NAME = AccentColor;
				CODE_SIGN_STYLE = Automatic;
				CURRENT_PROJECT_VERSION = 1;
				DEVELOPMENT_ASSET_PATHS = "\"Landmarks/Preview Content\"";
				DEVELOPMENT_TEAM = 672M797V23;
				ENABLE_PREVIEWS = YES;
				GENERATE_INFOPLIST_FILE = YES;
				INFOPLIST_KEY_UIApplicationSceneManifest_Generation = YES;
				INFOPLIST_KEY_UIApplicationSupportsIndirectInputEvents = YES;
				INFOPLIST_KEY_UILaunchScreen_Generation = YES;
				INFOPLIST_KEY_UISupportedInterfaceOrientations_iPad = "UIInterfaceOrientationPortrait UIInterfaceOrientationPortraitUpsideDown UIInterfaceOrientationLandscapeLeft UIInterfaceOrientationLandscapeRight";
				INFOPLIST_KEY_UISupportedInterfaceOrientations_iPhone = "UIInterfaceOrientationPortrait UIInterfaceOrientationLandscapeLeft UIInterfaceOrientationLandscapeRight";
				LD_RUNPATH_SEARCH_PATHS = (
					"$(inherited)",
					"@executable_path/Frameworks",
				);
				MARKETING_VERSION = 1.0;
				PRODUCT_BUNDLE_IDENTIFIER = com.valipu.Landmarks;
				PRODUCT_NAME = "$(TARGET_NAME)";
				SWIFT_EMIT_LOC_STRINGS = YES;
				SWIFT_VERSION = 5.0;
				TARGETED_DEVICE_FAMILY = "1,2";
			};
			name = Debug;
		};
		10C1EBE627282AF100E09A17 /* Release */ = {
			isa = XCBuildConfiguration;
			buildSettings = {
				ASSETCATALOG_COMPILER_APPICON_NAME = AppIcon;
				ASSETCATALOG_COMPILER_GLOBAL_ACCENT_COLOR_NAME = AccentColor;
				CODE_SIGN_STYLE = Automatic;
				CURRENT_PROJECT_VERSION = 1;
				DEVELOPMENT_ASSET_PATHS = "\"Landmarks/Preview Content\"";
				DEVELOPMENT_TEAM = 672M797V23;
				ENABLE_PREVIEWS = YES;
				GENERATE_INFOPLIST_FILE = YES;
				INFOPLIST_KEY_UIApplicationSceneManifest_Generation = YES;
				INFOPLIST_KEY_UIApplicationSupportsIndirectInputEvents = YES;
				INFOPLIST_KEY_UILaunchScreen_Generation = YES;
				INFOPLIST_KEY_UISupportedInterfaceOrientations_iPad = "UIInterfaceOrientationPortrait UIInterfaceOrientationPortraitUpsideDown UIInterfaceOrientationLandscapeLeft UIInterfaceOrientationLandscapeRight";
				INFOPLIST_KEY_UISupportedInterfaceOrientations_iPhone = "UIInterfaceOrientationPortrait UIInterfaceOrientationLandscapeLeft UIInterfaceOrientationLandscapeRight";
				LD_RUNPATH_SEARCH_PATHS = (
					"$(inherited)",
					"@executable_path/Frameworks",
				);
				MARKETING_VERSION = 1.0;
				PRODUCT_BUNDLE_IDENTIFIER = com.valipu.Landmarks;
				PRODUCT_NAME = "$(TARGET_NAME)";
				SWIFT_EMIT_LOC_STRINGS = YES;
				SWIFT_VERSION = 5.0;
				TARGETED_DEVICE_FAMILY = "1,2";
			};
			name = Release;
		};
/* End XCBuildConfiguration section */

/* Begin XCConfigurationList section */
		10C1EBD127282AEF00E09A17 /* Build configuration list for PBXProject "Landmarks" */ = {
			isa = XCConfigurationList;
			buildConfigurations = (
				10C1EBE227282AF100E09A17 /* Debug */,
				10C1EBE327282AF100E09A17 /* Release */,
			);
			defaultConfigurationIsVisible = 0;
			defaultConfigurationName = Release;
		};
		10C1EBE427282AF100E09A17 /* Build configuration list for PBXNativeTarget "Landmarks" */ = {
			isa = XCConfigurationList;
			buildConfigurations = (
				10C1EBE527282AF100E09A17 /* Debug */,
				10C1EBE627282AF100E09A17 /* Release */,
			);
			defaultConfigurationIsVisible = 0;
			defaultConfigurationName = Release;
		};
/* End XCConfigurationList section */
	};
	rootObject = 10C1EBCE27282AEF00E09A17 /* Project object */;
}
